
Microsoft Visual Studio Solution File, Format Version 12.00
# Visual Studio Version 17
VisualStudioVersion = 17.2.32630.192
MinimumVisualStudioVersion = 10.0.40219.1
Project("{8BC9CEB8-8B4A-11D0-8D11-00A0C91BC942}") = "PROJET1_S1_JEANELIE", "PROJET1_S1_JEANELIE\PROJET1_S1_JEANELIE.vcxproj", "{F5968D05-D035-4771-8CDA-078D8E854F66}"
EndProject
Global
	GlobalSection(SolutionConfigurationPlatforms) = preSolution
		Debug|x64 = Debug|x64
		Debug|x86 = Debug|x86
		Release|x64 = Release|x64
		Release|x86 = Release|x86
	EndGlobalSection
	GlobalSection(ProjectConfigurationPlatforms) = postSolution
		{F5968D05-D035-4771-8CDA-078D8E854F66}.Debug|x64.ActiveCfg = Debug|x64
		{F5968D05-D035-4771-8CDA-078D8E854F66}.Debug|x64.Build.0 = Debug|x64
		{F5968D05-D035-4771-8CDA-078D8E854F66}.Debug|x86.ActiveCfg = Debug|Win32
		{F5968D05-D035-4771-8CDA-078D8E854F66}.Debug|x86.Build.0 = Debug|Win32
		{F5968D05-D035-4771-8CDA-078D8E854F66}.Release|x64.ActiveCfg = Release|x64
		{F5968D05-D035-4771-8CDA-078D8E854F66}.Release|x64.Build.0 = Release|x64
		{F5968D05-D035-4771-8CDA-078D8E854F66}.Release|x86.ActiveCfg = Release|Win32
		{F5968D05-D035-4771-8CDA-078D8E854F66}.Release|x86.Build.0 = Release|Win32
	EndGlobalSection
	GlobalSection(SolutionProperties) = preSolution
		HideSolutionNode = FALSE
	EndGlobalSection
	GlobalSection(ExtensibilityGlobals) = postSolution
		SolutionGuid = {E26E501B-9C19-4091-A1CD-A49D97C0CC69}
	EndGlobalSection
EndGlobal
